
Microsoft Visual Studio Solution File, Format Version 12.00
# Visual Studio Version 17
VisualStudioVersion = 17.8.34525.116
MinimumVisualStudioVersion = 10.0.40219.1
Project("{FAE04EC0-301F-11D3-BF4B-00C04F79EFBC}") = "CraftIQ.Inventory.API", "CraftIQ.Inventory.API\CraftIQ.Inventory.API.csproj", "{897373CA-57C9-4372-9412-D0EE825644C6}"
EndProject
Project("{FAE04EC0-301F-11D3-BF4B-00C04F79EFBC}") = "CraftIQ.Inventory.Core", "CraftIQ.Inventory.Core\CraftIQ.Inventory.Core.csproj", "{09A2EB9A-A1C2-4880-8835-0D756567C946}"
EndProject
Project("{FAE04EC0-301F-11D3-BF4B-00C04F79EFBC}") = "CraftIQ.Inventory.Services", "CraftIQ.Inventory.Services\CraftIQ.Inventory.Services.csproj", "{9A20E0CF-432D-4DAD-9720-AB3A34A33652}"
EndProject
Project("{FAE04EC0-301F-11D3-BF4B-00C04F79EFBC}") = "CraftIQ.Inventory.Infrastructure", "CraftIQ.Inventory.Infrastructure\CraftIQ.Inventory.Infrastructure.csproj", "{D639D398-54E9-479F-B249-17F6180D00DC}"
EndProject
Project("{FAE04EC0-301F-11D3-BF4B-00C04F79EFBC}") = "CraftIQ.Inventory.Shared", "CraftIQ.Inventory.Shared\CraftIQ.Inventory.Shared.csproj", "{FFE2C49C-4A0D-4AB7-BBDD-D0A8CA3DB1A7}"
EndProject
Global
	GlobalSection(SolutionConfigurationPlatforms) = preSolution
		Debug|Any CPU = Debug|Any CPU
		Release|Any CPU = Release|Any CPU
	EndGlobalSection
	GlobalSection(ProjectConfigurationPlatforms) = postSolution
		{897373CA-57C9-4372-9412-D0EE825644C6}.Debug|Any CPU.ActiveCfg = Debug|Any CPU
		{897373CA-57C9-4372-9412-D0EE825644C6}.Debug|Any CPU.Build.0 = Debug|Any CPU
		{897373CA-57C9-4372-9412-D0EE825644C6}.Release|Any CPU.ActiveCfg = Release|Any CPU
		{897373CA-57C9-4372-9412-D0EE825644C6}.Release|Any CPU.Build.0 = Release|Any CPU
		{09A2EB9A-A1C2-4880-8835-0D756567C946}.Debug|Any CPU.ActiveCfg = Debug|Any CPU
		{09A2EB9A-A1C2-4880-8835-0D756567C946}.Debug|Any CPU.Build.0 = Debug|Any CPU
		{09A2EB9A-A1C2-4880-8835-0D756567C946}.Release|Any CPU.ActiveCfg = Release|Any CPU
		{09A2EB9A-A1C2-4880-8835-0D756567C946}.Release|Any CPU.Build.0 = Release|Any CPU
		{9A20E0CF-432D-4DAD-9720-AB3A34A33652}.Debug|Any CPU.ActiveCfg = Debug|Any CPU
		{9A20E0CF-432D-4DAD-9720-AB3A34A33652}.Debug|Any CPU.Build.0 = Debug|Any CPU
		{9A20E0CF-432D-4DAD-9720-AB3A34A33652}.Release|Any CPU.ActiveCfg = Release|Any CPU
		{9A20E0CF-432D-4DAD-9720-AB3A34A33652}.Release|Any CPU.Build.0 = Release|Any CPU
		{D639D398-54E9-479F-B249-17F6180D00DC}.Debug|Any CPU.ActiveCfg = Debug|Any CPU
		{D639D398-54E9-479F-B249-17F6180D00DC}.Debug|Any CPU.Build.0 = Debug|Any CPU
		{D639D398-54E9-479F-B249-17F6180D00DC}.Release|Any CPU.ActiveCfg = Release|Any CPU
		{D639D398-54E9-479F-B249-17F6180D00DC}.Release|Any CPU.Build.0 = Release|Any CPU
		{FFE2C49C-4A0D-4AB7-BBDD-D0A8CA3DB1A7}.Debug|Any CPU.ActiveCfg = Debug|Any CPU
		{FFE2C49C-4A0D-4AB7-BBDD-D0A8CA3DB1A7}.Debug|Any CPU.Build.0 = Debug|Any CPU
		{FFE2C49C-4A0D-4AB7-BBDD-D0A8CA3DB1A7}.Release|Any CPU.ActiveCfg = Release|Any CPU
		{FFE2C49C-4A0D-4AB7-BBDD-D0A8CA3DB1A7}.Release|Any CPU.Build.0 = Release|Any CPU
	EndGlobalSection
	GlobalSection(SolutionProperties) = preSolution
		HideSolutionNode = FALSE
	EndGlobalSection
	GlobalSection(ExtensibilityGlobals) = postSolution
		SolutionGuid = {E81DF932-E203-453A-82CF-843256FF9856}
	EndGlobalSection
EndGlobal
